
Microsoft Visual Studio Solution File, Format Version 12.00
# Visual Studio Version 16
VisualStudioVersion = 16.0.31702.278
MinimumVisualStudioVersion = 10.0.40219.1
Project("{9A19103F-16F7-4668-BE54-9A1E7A4F7556}") = "RugbyAustralia.DomainModel", "RugbyAustralia.DomainModel\RugbyAustralia.DomainModel.csproj", "{7FF3DCA5-AA1B-4F37-94FE-9DAD5D9702C1}"
EndProject
Project("{9A19103F-16F7-4668-BE54-9A1E7A4F7556}") = "RugbsyAustralia.ApplicationServices", "RugbsyAustralia.ApplicationServices\RugbsyAustralia.ApplicationServices.csproj", "{14B5935A-6C24-4666-BD99-5E05A505C5EC}"
EndProject
Project("{FAE04EC0-301F-11D3-BF4B-00C04F79EFBC}") = "RugbyAustralia.Tests", "RugbyAustralia.Tests\RugbyAustralia.Tests.csproj", "{573ACD99-B6C9-4398-8D48-DA9206058455}"
EndProject
Project("{FAE04EC0-301F-11D3-BF4B-00C04F79EFBC}") = "RugbyAustralia.InfrastructureServices", "RugbyAustralia.InfrastructureServices\RugbyAustralia.InfrastructureServices.csproj", "{0115CFF8-2494-429D-B570-EA12980295EB}"
EndProject
Project("{FAE04EC0-301F-11D3-BF4B-00C04F79EFBC}") = "RugbyAustralia.CrossCuttingConcerns", "RugbyAustralia.CrossCuttingConcerns\RugbyAustralia.CrossCuttingConcerns.csproj", "{2917633F-143F-4A01-911A-C2EDEC7B3232}"
EndProject
Global
	GlobalSection(SolutionConfigurationPlatforms) = preSolution
		Debug|Any CPU = Debug|Any CPU
		Release|Any CPU = Release|Any CPU
	EndGlobalSection
	GlobalSection(ProjectConfigurationPlatforms) = postSolution
		{7FF3DCA5-AA1B-4F37-94FE-9DAD5D9702C1}.Debug|Any CPU.ActiveCfg = Debug|Any CPU
		{7FF3DCA5-AA1B-4F37-94FE-9DAD5D9702C1}.Debug|Any CPU.Build.0 = Debug|Any CPU
		{7FF3DCA5-AA1B-4F37-94FE-9DAD5D9702C1}.Release|Any CPU.ActiveCfg = Release|Any CPU
		{7FF3DCA5-AA1B-4F37-94FE-9DAD5D9702C1}.Release|Any CPU.Build.0 = Release|Any CPU
		{14B5935A-6C24-4666-BD99-5E05A505C5EC}.Debug|Any CPU.ActiveCfg = Debug|Any CPU
		{14B5935A-6C24-4666-BD99-5E05A505C5EC}.Debug|Any CPU.Build.0 = Debug|Any CPU
		{14B5935A-6C24-4666-BD99-5E05A505C5EC}.Release|Any CPU.ActiveCfg = Release|Any CPU
		{14B5935A-6C24-4666-BD99-5E05A505C5EC}.Release|Any CPU.Build.0 = Release|Any CPU
		{573ACD99-B6C9-4398-8D48-DA9206058455}.Debug|Any CPU.ActiveCfg = Debug|Any CPU
		{573ACD99-B6C9-4398-8D48-DA9206058455}.Debug|Any CPU.Build.0 = Debug|Any CPU
		{573ACD99-B6C9-4398-8D48-DA9206058455}.Release|Any CPU.ActiveCfg = Release|Any CPU
		{573ACD99-B6C9-4398-8D48-DA9206058455}.Release|Any CPU.Build.0 = Release|Any CPU
		{0115CFF8-2494-429D-B570-EA12980295EB}.Debug|Any CPU.ActiveCfg = Debug|Any CPU
		{0115CFF8-2494-429D-B570-EA12980295EB}.Debug|Any CPU.Build.0 = Debug|Any CPU
		{0115CFF8-2494-429D-B570-EA12980295EB}.Release|Any CPU.ActiveCfg = Release|Any CPU
		{0115CFF8-2494-429D-B570-EA12980295EB}.Release|Any CPU.Build.0 = Release|Any CPU
		{2917633F-143F-4A01-911A-C2EDEC7B3232}.Debug|Any CPU.ActiveCfg = Debug|Any CPU
		{2917633F-143F-4A01-911A-C2EDEC7B3232}.Debug|Any CPU.Build.0 = Debug|Any CPU
		{2917633F-143F-4A01-911A-C2EDEC7B3232}.Release|Any CPU.ActiveCfg = Release|Any CPU
		{2917633F-143F-4A01-911A-C2EDEC7B3232}.Release|Any CPU.Build.0 = Release|Any CPU
	EndGlobalSection
	GlobalSection(SolutionProperties) = preSolution
		HideSolutionNode = FALSE
	EndGlobalSection
	GlobalSection(ExtensibilityGlobals) = postSolution
		SolutionGuid = {BB3464BE-67DA-4282-AD42-16D79FB60258}
	EndGlobalSection
EndGlobal
